// !$*UTF8*$!
{
	archiveVersion = 1;
	classes = {
	};
	objectVersion = 46;
	objects = {

/* Begin PBXBuildFile section */
		378205D41A60195E00F6CA45 /* Fonts in Resources */ = {isa = PBXBuildFile; fileRef = 378205D31A60195E00F6CA45 /* Fonts */; };
		3784FB0B1A5D2F5F0063A364 /* AppDelegate.swift in Sources */ = {isa = PBXBuildFile; fileRef = 3784FB0A1A5D2F5F0063A364 /* AppDelegate.swift */; };
		3784FB121A5D2F5F0063A364 /* Images.xcassets in Resources */ = {isa = PBXBuildFile; fileRef = 3784FB111A5D2F5F0063A364 /* Images.xcassets */; };
		37B746A31A5D4F2C001373C5 /* WebSocket.swift in Sources */ = {isa = PBXBuildFile; fileRef = 37B746A21A5D4F2C001373C5 /* WebSocket.swift */; };
		37B746A51A5D5020001373C5 /* WebSocketTests.swift in Sources */ = {isa = PBXBuildFile; fileRef = 37B746A41A5D5020001373C5 /* WebSocketTests.swift */; };
		37B746A61A5D504F001373C5 /* WebSocket.swift in Sources */ = {isa = PBXBuildFile; fileRef = 37B746A21A5D4F2C001373C5 /* WebSocket.swift */; };
		37B9E47C1A667EE20055E81A /* RoundedButton.swift in Sources */ = {isa = PBXBuildFile; fileRef = 37B9E47B1A667EE20055E81A /* RoundedButton.swift */; };
		37B9E4861A67BD200055E81A /* TableView.swift in Sources */ = {isa = PBXBuildFile; fileRef = 37B9E4851A67BD200055E81A /* TableView.swift */; };
		37B9E4881A67BD3F0055E81A /* TableViewCell.swift in Sources */ = {isa = PBXBuildFile; fileRef = 37B9E4871A67BD3F0055E81A /* TableViewCell.swift */; };
		37B9E48B1A67BDA20055E81A /* PairingListViewController.swift in Sources */ = {isa = PBXBuildFile; fileRef = 37B9E48A1A67BDA20055E81A /* PairingListViewController.swift */; };
		37B9E48D1A67D0530055E81A /* PairingListTableViewCell.swift in Sources */ = {isa = PBXBuildFile; fileRef = 37B9E48C1A67D0530055E81A /* PairingListTableViewCell.swift */; };
		37B9E4901A67F01F0055E81A /* UIImage+Colorize.swift in Sources */ = {isa = PBXBuildFile; fileRef = 37B9E48F1A67F01F0055E81A /* UIImage+Colorize.swift */; };
		37F283621A64064100F432CC /* Main.storyboard in Resources */ = {isa = PBXBuildFile; fileRef = 37F283601A64064100F432CC /* Main.storyboard */; };
		37F283651A64064A00F432CC /* LaunchScreen.xib in Resources */ = {isa = PBXBuildFile; fileRef = 37F283631A64064A00F432CC /* LaunchScreen.xib */; };
		37F283681A6406A900F432CC /* Localizable.strings in Resources */ = {isa = PBXBuildFile; fileRef = 37F2836A1A6406A900F432CC /* Localizable.strings */; };
		37F283AA1A655D3400F432CC /* NavigationController.swift in Sources */ = {isa = PBXBuildFile; fileRef = 37F283951A655D3400F432CC /* NavigationController.swift */; };
		37F283AB1A655D3400F432CC /* ViewController.swift in Sources */ = {isa = PBXBuildFile; fileRef = 37F283961A655D3400F432CC /* ViewController.swift */; };
		37F283AC1A655D3400F432CC /* Dictionary+Utils.swift in Sources */ = {isa = PBXBuildFile; fileRef = 37F283981A655D3400F432CC /* Dictionary+Utils.swift */; };
		37F283AD1A655D3400F432CC /* UIButton+Utils.swift in Sources */ = {isa = PBXBuildFile; fileRef = 37F283991A655D3400F432CC /* UIButton+Utils.swift */; };
		37F283AE1A655D3400F432CC /* UIColor+Utils.swift in Sources */ = {isa = PBXBuildFile; fileRef = 37F2839A1A655D3400F432CC /* UIColor+Utils.swift */; };
		37F283AF1A655D3400F432CC /* UILabel+Utils.swift in Sources */ = {isa = PBXBuildFile; fileRef = 37F2839B1A655D3400F432CC /* UILabel+Utils.swift */; };
		37F283B01A655D3400F432CC /* UIView+Allure.swift in Sources */ = {isa = PBXBuildFile; fileRef = 37F2839C1A655D3400F432CC /* UIView+Allure.swift */; };
		37F283B51A655D3400F432CC /* BarButtonItem.swift in Sources */ = {isa = PBXBuildFile; fileRef = 37F283A51A655D3400F432CC /* BarButtonItem.swift */; };
		37F283B61A655D3400F432CC /* Button.swift in Sources */ = {isa = PBXBuildFile; fileRef = 37F283A61A655D3400F432CC /* Button.swift */; };
		37F283B71A655D3400F432CC /* Label.swift in Sources */ = {isa = PBXBuildFile; fileRef = 37F283A71A655D3400F432CC /* Label.swift */; };
		37F283B81A655D3400F432CC /* NavigationBar.swift in Sources */ = {isa = PBXBuildFile; fileRef = 37F283A81A655D3400F432CC /* NavigationBar.swift */; };
		37F283B91A655D3400F432CC /* NavigationItem.swift in Sources */ = {isa = PBXBuildFile; fileRef = 37F283A91A655D3400F432CC /* NavigationItem.swift */; };
		37F283C11A655D7200F432CC /* ViewStylist.swift in Sources */ = {isa = PBXBuildFile; fileRef = 37F283BC1A655D7200F432CC /* ViewStylist.swift */; };
		37F283C21A655D7200F432CC /* VisualFactory.swift in Sources */ = {isa = PBXBuildFile; fileRef = 37F283BD1A655D7200F432CC /* VisualFactory.swift */; };
		37F283C31A655D7200F432CC /* VisualTheme.swift in Sources */ = {isa = PBXBuildFile; fileRef = 37F283BE1A655D7200F432CC /* VisualTheme.swift */; };
		37F283C41A655D7200F432CC /* Localization.swift in Sources */ = {isa = PBXBuildFile; fileRef = 37F283C01A655D7200F432CC /* Localization.swift */; };
		37F283D01A656FEF00F432CC /* UIViewController+Init.m in Sources */ = {isa = PBXBuildFile; fileRef = 37F283CF1A656FEF00F432CC /* UIViewController+Init.m */; };
		37F283D31A6578AC00F432CC /* ActionBarView.swift in Sources */ = {isa = PBXBuildFile; fileRef = 37F283D21A6578AC00F432CC /* ActionBarView.swift */; };
		37F283D51A6578C500F432CC /* View.swift in Sources */ = {isa = PBXBuildFile; fileRef = 37F283D41A6578C500F432CC /* View.swift */; };
/* End PBXBuildFile section */

/* Begin PBXContainerItemProxy section */
		3784FB1B1A5D2F5F0063A364 /* PBXContainerItemProxy */ = {
			isa = PBXContainerItemProxy;
			containerPortal = 3784FAFD1A5D2F5E0063A364 /* Project object */;
			proxyType = 1;
			remoteGlobalIDString = 3784FB041A5D2F5E0063A364;
			remoteInfo = "ledger-wallet-ios";
		};
/* End PBXContainerItemProxy section */

/* Begin PBXFileReference section */
		378205D31A60195E00F6CA45 /* Fonts */ = {isa = PBXFileReference; lastKnownFileType = folder; path = Fonts; sourceTree = "<group>"; };
		3784FB051A5D2F5E0063A364 /* ledger-wallet-ios.app */ = {isa = PBXFileReference; explicitFileType = wrapper.application; includeInIndex = 0; path = "ledger-wallet-ios.app"; sourceTree = BUILT_PRODUCTS_DIR; };
		3784FB091A5D2F5F0063A364 /* Info.plist */ = {isa = PBXFileReference; lastKnownFileType = text.plist.xml; path = Info.plist; sourceTree = "<group>"; };
		3784FB0A1A5D2F5F0063A364 /* AppDelegate.swift */ = {isa = PBXFileReference; lastKnownFileType = sourcecode.swift; path = AppDelegate.swift; sourceTree = "<group>"; };
		3784FB111A5D2F5F0063A364 /* Images.xcassets */ = {isa = PBXFileReference; lastKnownFileType = folder.assetcatalog; path = Images.xcassets; sourceTree = "<group>"; };
		3784FB1A1A5D2F5F0063A364 /* ledger-wallet-iosTests.xctest */ = {isa = PBXFileReference; explicitFileType = wrapper.cfbundle; includeInIndex = 0; path = "ledger-wallet-iosTests.xctest"; sourceTree = BUILT_PRODUCTS_DIR; };
		3784FB1F1A5D2F5F0063A364 /* Info.plist */ = {isa = PBXFileReference; lastKnownFileType = text.plist.xml; path = Info.plist; sourceTree = "<group>"; };
		37B746A21A5D4F2C001373C5 /* WebSocket.swift */ = {isa = PBXFileReference; fileEncoding = 4; lastKnownFileType = sourcecode.swift; name = WebSocket.swift; path = vendor/starscream/WebSocket.swift; sourceTree = SOURCE_ROOT; };
		37B746A41A5D5020001373C5 /* WebSocketTests.swift */ = {isa = PBXFileReference; fileEncoding = 4; lastKnownFileType = sourcecode.swift; path = WebSocketTests.swift; sourceTree = "<group>"; };
		37B9E47B1A667EE20055E81A /* RoundedButton.swift */ = {isa = PBXFileReference; fileEncoding = 4; lastKnownFileType = sourcecode.swift; path = RoundedButton.swift; sourceTree = "<group>"; };
		37B9E4851A67BD200055E81A /* TableView.swift */ = {isa = PBXFileReference; fileEncoding = 4; lastKnownFileType = sourcecode.swift; path = TableView.swift; sourceTree = "<group>"; };
		37B9E4871A67BD3F0055E81A /* TableViewCell.swift */ = {isa = PBXFileReference; fileEncoding = 4; lastKnownFileType = sourcecode.swift; path = TableViewCell.swift; sourceTree = "<group>"; };
		37B9E48A1A67BDA20055E81A /* PairingListViewController.swift */ = {isa = PBXFileReference; fileEncoding = 4; lastKnownFileType = sourcecode.swift; path = PairingListViewController.swift; sourceTree = "<group>"; };
		37B9E48C1A67D0530055E81A /* PairingListTableViewCell.swift */ = {isa = PBXFileReference; fileEncoding = 4; lastKnownFileType = sourcecode.swift; path = PairingListTableViewCell.swift; sourceTree = "<group>"; };
		37B9E48F1A67F01F0055E81A /* UIImage+Colorize.swift */ = {isa = PBXFileReference; fileEncoding = 4; lastKnownFileType = sourcecode.swift; path = "UIImage+Colorize.swift"; sourceTree = "<group>"; };
		37F283611A64064100F432CC /* Base */ = {isa = PBXFileReference; lastKnownFileType = file.storyboard; name = Base; path = Base.lproj/Main.storyboard; sourceTree = "<group>"; };
		37F283641A64064A00F432CC /* Base */ = {isa = PBXFileReference; lastKnownFileType = file.xib; name = Base; path = Base.lproj/LaunchScreen.xib; sourceTree = "<group>"; };
		37F283691A6406A900F432CC /* en */ = {isa = PBXFileReference; lastKnownFileType = text.plist.strings; name = en; path = en.lproj/Localizable.strings; sourceTree = "<group>"; };
		37F283951A655D3400F432CC /* NavigationController.swift */ = {isa = PBXFileReference; fileEncoding = 4; lastKnownFileType = sourcecode.swift; path = NavigationController.swift; sourceTree = "<group>"; };
		37F283961A655D3400F432CC /* ViewController.swift */ = {isa = PBXFileReference; fileEncoding = 4; lastKnownFileType = sourcecode.swift; path = ViewController.swift; sourceTree = "<group>"; };
		37F283981A655D3400F432CC /* Dictionary+Utils.swift */ = {isa = PBXFileReference; fileEncoding = 4; lastKnownFileType = sourcecode.swift; path = "Dictionary+Utils.swift"; sourceTree = "<group>"; };
		37F283991A655D3400F432CC /* UIButton+Utils.swift */ = {isa = PBXFileReference; fileEncoding = 4; lastKnownFileType = sourcecode.swift; path = "UIButton+Utils.swift"; sourceTree = "<group>"; };
		37F2839A1A655D3400F432CC /* UIColor+Utils.swift */ = {isa = PBXFileReference; fileEncoding = 4; lastKnownFileType = sourcecode.swift; path = "UIColor+Utils.swift"; sourceTree = "<group>"; };
		37F2839B1A655D3400F432CC /* UILabel+Utils.swift */ = {isa = PBXFileReference; fileEncoding = 4; lastKnownFileType = sourcecode.swift; path = "UILabel+Utils.swift"; sourceTree = "<group>"; };
		37F2839C1A655D3400F432CC /* UIView+Allure.swift */ = {isa = PBXFileReference; fileEncoding = 4; lastKnownFileType = sourcecode.swift; path = "UIView+Allure.swift"; sourceTree = "<group>"; };
		37F283A51A655D3400F432CC /* BarButtonItem.swift */ = {isa = PBXFileReference; fileEncoding = 4; lastKnownFileType = sourcecode.swift; path = BarButtonItem.swift; sourceTree = "<group>"; };
		37F283A61A655D3400F432CC /* Button.swift */ = {isa = PBXFileReference; fileEncoding = 4; lastKnownFileType = sourcecode.swift; path = Button.swift; sourceTree = "<group>"; };
		37F283A71A655D3400F432CC /* Label.swift */ = {isa = PBXFileReference; fileEncoding = 4; lastKnownFileType = sourcecode.swift; path = Label.swift; sourceTree = "<group>"; };
		37F283A81A655D3400F432CC /* NavigationBar.swift */ = {isa = PBXFileReference; fileEncoding = 4; lastKnownFileType = sourcecode.swift; path = NavigationBar.swift; sourceTree = "<group>"; };
		37F283A91A655D3400F432CC /* NavigationItem.swift */ = {isa = PBXFileReference; fileEncoding = 4; lastKnownFileType = sourcecode.swift; path = NavigationItem.swift; sourceTree = "<group>"; };
		37F283BC1A655D7200F432CC /* ViewStylist.swift */ = {isa = PBXFileReference; fileEncoding = 4; lastKnownFileType = sourcecode.swift; path = ViewStylist.swift; sourceTree = "<group>"; };
		37F283BD1A655D7200F432CC /* VisualFactory.swift */ = {isa = PBXFileReference; fileEncoding = 4; lastKnownFileType = sourcecode.swift; path = VisualFactory.swift; sourceTree = "<group>"; };
		37F283BE1A655D7200F432CC /* VisualTheme.swift */ = {isa = PBXFileReference; fileEncoding = 4; lastKnownFileType = sourcecode.swift; path = VisualTheme.swift; sourceTree = "<group>"; };
		37F283C01A655D7200F432CC /* Localization.swift */ = {isa = PBXFileReference; fileEncoding = 4; lastKnownFileType = sourcecode.swift; path = Localization.swift; sourceTree = "<group>"; };
		37F283CD1A656FEF00F432CC /* ledger-wallet-ios-Bridging-Header.h */ = {isa = PBXFileReference; lastKnownFileType = sourcecode.c.h; name = "ledger-wallet-ios-Bridging-Header.h"; path = "extensions/ledger-wallet-ios-Bridging-Header.h"; sourceTree = "<group>"; };
		37F283CE1A656FEF00F432CC /* UIViewController+Init.h */ = {isa = PBXFileReference; fileEncoding = 4; lastKnownFileType = sourcecode.c.h; path = "UIViewController+Init.h"; sourceTree = "<group>"; };
		37F283CF1A656FEF00F432CC /* UIViewController+Init.m */ = {isa = PBXFileReference; fileEncoding = 4; lastKnownFileType = sourcecode.c.objc; path = "UIViewController+Init.m"; sourceTree = "<group>"; };
		37F283D21A6578AC00F432CC /* ActionBarView.swift */ = {isa = PBXFileReference; fileEncoding = 4; lastKnownFileType = sourcecode.swift; path = ActionBarView.swift; sourceTree = "<group>"; };
		37F283D41A6578C500F432CC /* View.swift */ = {isa = PBXFileReference; fileEncoding = 4; lastKnownFileType = sourcecode.swift; path = View.swift; sourceTree = "<group>"; };
/* End PBXFileReference section */

/* Begin PBXFrameworksBuildPhase section */
		3784FB021A5D2F5E0063A364 /* Frameworks */ = {
			isa = PBXFrameworksBuildPhase;
			buildActionMask = 2147483647;
			files = (
			);
			runOnlyForDeploymentPostprocessing = 0;
		};
		3784FB171A5D2F5F0063A364 /* Frameworks */ = {
			isa = PBXFrameworksBuildPhase;
			buildActionMask = 2147483647;
			files = (
			);
			runOnlyForDeploymentPostprocessing = 0;
		};
/* End PBXFrameworksBuildPhase section */

/* Begin PBXGroup section */
		378205D51A60196C00F6CA45 /* Resources */ = {
			isa = PBXGroup;
			children = (
				37F283601A64064100F432CC /* Main.storyboard */,
				37F2836A1A6406A900F432CC /* Localizable.strings */,
				3784FB111A5D2F5F0063A364 /* Images.xcassets */,
				378205D31A60195E00F6CA45 /* Fonts */,
			);
			name = Resources;
			sourceTree = "<group>";
		};
		3784FAFC1A5D2F5E0063A364 = {
			isa = PBXGroup;
			children = (
				3784FB071A5D2F5E0063A364 /* ledger-wallet-ios */,
				3784FB1D1A5D2F5F0063A364 /* ledger-wallet-iosTests */,
				3784FB061A5D2F5E0063A364 /* Products */,
			);
			sourceTree = "<group>";
		};
		3784FB061A5D2F5E0063A364 /* Products */ = {
			isa = PBXGroup;
			children = (
				3784FB051A5D2F5E0063A364 /* ledger-wallet-ios.app */,
				3784FB1A1A5D2F5F0063A364 /* ledger-wallet-iosTests.xctest */,
			);
			name = Products;
			sourceTree = "<group>";
		};
		3784FB071A5D2F5E0063A364 /* ledger-wallet-ios */ = {
			isa = PBXGroup;
			children = (
				378205D51A60196C00F6CA45 /* Resources */,
				37F283931A655D3400F432CC /* Controllers */,
				37F283A41A655D3400F432CC /* Views */,
				37B746A11A5D4F03001373C5 /* WebSocket */,
				37F283BA1A655D7200F432CC /* Helpers */,
				37F283971A655D3400F432CC /* Extensions */,
				3784FB081A5D2F5F0063A364 /* Supporting Files */,
			);
			path = "ledger-wallet-ios";
			sourceTree = "<group>";
		};
		3784FB081A5D2F5F0063A364 /* Supporting Files */ = {
			isa = PBXGroup;
			children = (
				37F283CD1A656FEF00F432CC /* ledger-wallet-ios-Bridging-Header.h */,
				37F283631A64064A00F432CC /* LaunchScreen.xib */,
				3784FB0A1A5D2F5F0063A364 /* AppDelegate.swift */,
				3784FB091A5D2F5F0063A364 /* Info.plist */,
			);
			name = "Supporting Files";
			sourceTree = "<group>";
		};
		3784FB1D1A5D2F5F0063A364 /* ledger-wallet-iosTests */ = {
			isa = PBXGroup;
			children = (
				37B746A41A5D5020001373C5 /* WebSocketTests.swift */,
				3784FB1E1A5D2F5F0063A364 /* Supporting Files */,
			);
			path = "ledger-wallet-iosTests";
			sourceTree = "<group>";
		};
		3784FB1E1A5D2F5F0063A364 /* Supporting Files */ = {
			isa = PBXGroup;
			children = (
				3784FB1F1A5D2F5F0063A364 /* Info.plist */,
			);
			name = "Supporting Files";
			sourceTree = "<group>";
		};
		37B746A11A5D4F03001373C5 /* WebSocket */ = {
			isa = PBXGroup;
			children = (
				37B746A21A5D4F2C001373C5 /* WebSocket.swift */,
			);
			name = WebSocket;
			sourceTree = "<group>";
		};
		37B9E4891A67BDA20055E81A /* Pairing List */ = {
			isa = PBXGroup;
			children = (
				37B9E48A1A67BDA20055E81A /* PairingListViewController.swift */,
				37B9E48C1A67D0530055E81A /* PairingListTableViewCell.swift */,
			);
			name = "Pairing List";
			path = pairing/list;
			sourceTree = "<group>";
		};
		37F283931A655D3400F432CC /* Controllers */ = {
			isa = PBXGroup;
			children = (
				37F283941A655D3400F432CC /* Base */,
				37F283C51A656BB700F432CC /* Dongle Pairing */,
			);
			name = Controllers;
			path = controllers;
			sourceTree = "<group>";
		};
		37F283941A655D3400F432CC /* Base */ = {
			isa = PBXGroup;
			children = (
				37F283951A655D3400F432CC /* NavigationController.swift */,
				37F283961A655D3400F432CC /* ViewController.swift */,
			);
			name = Base;
			path = base;
			sourceTree = "<group>";
		};
		37F283971A655D3400F432CC /* Extensions */ = {
			isa = PBXGroup;
			children = (
				37F283981A655D3400F432CC /* Dictionary+Utils.swift */,
				37F283991A655D3400F432CC /* UIButton+Utils.swift */,
				37F2839A1A655D3400F432CC /* UIColor+Utils.swift */,
				37F2839B1A655D3400F432CC /* UILabel+Utils.swift */,
				37F2839C1A655D3400F432CC /* UIView+Allure.swift */,
				37F283CE1A656FEF00F432CC /* UIViewController+Init.h */,
				37F283CF1A656FEF00F432CC /* UIViewController+Init.m */,
				37B9E48F1A67F01F0055E81A /* UIImage+Colorize.swift */,
			);
			name = Extensions;
			path = extensions;
			sourceTree = "<group>";
		};
		37F283A41A655D3400F432CC /* Views */ = {
			isa = PBXGroup;
			children = (
				37F283D41A6578C500F432CC /* View.swift */,
				37F283A51A655D3400F432CC /* BarButtonItem.swift */,
				37F283A61A655D3400F432CC /* Button.swift */,
				37B9E47B1A667EE20055E81A /* RoundedButton.swift */,
				37F283A71A655D3400F432CC /* Label.swift */,
				37F283A81A655D3400F432CC /* NavigationBar.swift */,
				37F283A91A655D3400F432CC /* NavigationItem.swift */,
				37F283D21A6578AC00F432CC /* ActionBarView.swift */,
				37B9E4851A67BD200055E81A /* TableView.swift */,
				37B9E4871A67BD3F0055E81A /* TableViewCell.swift */,
			);
			name = Views;
			path = views;
			sourceTree = "<group>";
		};
		37F283BA1A655D7200F432CC /* Helpers */ = {
			isa = PBXGroup;
			children = (
				37F283BB1A655D7200F432CC /* Styles */,
				37F283BF1A655D7200F432CC /* Utils */,
			);
			name = Helpers;
			path = helpers;
			sourceTree = "<group>";
		};
		37F283BB1A655D7200F432CC /* Styles */ = {
			isa = PBXGroup;
			children = (
				37F283BE1A655D7200F432CC /* VisualTheme.swift */,
				37F283BD1A655D7200F432CC /* VisualFactory.swift */,
				37F283BC1A655D7200F432CC /* ViewStylist.swift */,
			);
			name = Styles;
			path = styles;
			sourceTree = "<group>";
		};
		37F283BF1A655D7200F432CC /* Utils */ = {
			isa = PBXGroup;
			children = (
				37F283C01A655D7200F432CC /* Localization.swift */,
			);
			name = Utils;
			path = utils;
			sourceTree = "<group>";
		};
		37F283C51A656BB700F432CC /* Dongle Pairing */ = {
			isa = PBXGroup;
			children = (
				37B9E4891A67BDA20055E81A /* Pairing List */,
			);
			name = "Dongle Pairing";
			sourceTree = "<group>";
		};
/* End PBXGroup section */

/* Begin PBXNativeTarget section */
		3784FB041A5D2F5E0063A364 /* ledger-wallet-ios */ = {
			isa = PBXNativeTarget;
			buildConfigurationList = 3784FB241A5D2F5F0063A364 /* Build configuration list for PBXNativeTarget "ledger-wallet-ios" */;
			buildPhases = (
				3784FB011A5D2F5E0063A364 /* Sources */,
				3784FB021A5D2F5E0063A364 /* Frameworks */,
				3784FB031A5D2F5E0063A364 /* Resources */,
			);
			buildRules = (
			);
			dependencies = (
			);
			name = "ledger-wallet-ios";
			productName = "ledger-wallet-ios";
			productReference = 3784FB051A5D2F5E0063A364 /* ledger-wallet-ios.app */;
			productType = "com.apple.product-type.application";
		};
		3784FB191A5D2F5F0063A364 /* ledger-wallet-iosTests */ = {
			isa = PBXNativeTarget;
			buildConfigurationList = 3784FB271A5D2F5F0063A364 /* Build configuration list for PBXNativeTarget "ledger-wallet-iosTests" */;
			buildPhases = (
				3784FB161A5D2F5F0063A364 /* Sources */,
				3784FB171A5D2F5F0063A364 /* Frameworks */,
				3784FB181A5D2F5F0063A364 /* Resources */,
			);
			buildRules = (
			);
			dependencies = (
				3784FB1C1A5D2F5F0063A364 /* PBXTargetDependency */,
			);
			name = "ledger-wallet-iosTests";
			productName = "ledger-wallet-iosTests";
			productReference = 3784FB1A1A5D2F5F0063A364 /* ledger-wallet-iosTests.xctest */;
			productType = "com.apple.product-type.bundle.unit-test";
		};
/* End PBXNativeTarget section */

/* Begin PBXProject section */
		3784FAFD1A5D2F5E0063A364 /* Project object */ = {
			isa = PBXProject;
			attributes = {
				LastUpgradeCheck = 0610;
				ORGANIZATIONNAME = Ledger;
				TargetAttributes = {
					3784FB041A5D2F5E0063A364 = {
						CreatedOnToolsVersion = 6.1.1;
						DevelopmentTeam = X6LFS5BQKN;
					};
					3784FB191A5D2F5F0063A364 = {
						CreatedOnToolsVersion = 6.1.1;
						TestTargetID = 3784FB041A5D2F5E0063A364;
					};
				};
			};
			buildConfigurationList = 3784FB001A5D2F5E0063A364 /* Build configuration list for PBXProject "ledger-wallet-ios" */;
			compatibilityVersion = "Xcode 3.2";
			developmentRegion = English;
			hasScannedForEncodings = 0;
			knownRegions = (
				en,
				Base,
			);
			mainGroup = 3784FAFC1A5D2F5E0063A364;
			productRefGroup = 3784FB061A5D2F5E0063A364 /* Products */;
			projectDirPath = "";
			projectRoot = "";
			targets = (
				3784FB041A5D2F5E0063A364 /* ledger-wallet-ios */,
				3784FB191A5D2F5F0063A364 /* ledger-wallet-iosTests */,
			);
		};
/* End PBXProject section */

/* Begin PBXResourcesBuildPhase section */
		3784FB031A5D2F5E0063A364 /* Resources */ = {
			isa = PBXResourcesBuildPhase;
			buildActionMask = 2147483647;
			files = (
				37F283681A6406A900F432CC /* Localizable.strings in Resources */,
				37F283651A64064A00F432CC /* LaunchScreen.xib in Resources */,
				37F283621A64064100F432CC /* Main.storyboard in Resources */,
				3784FB121A5D2F5F0063A364 /* Images.xcassets in Resources */,
				378205D41A60195E00F6CA45 /* Fonts in Resources */,
			);
			runOnlyForDeploymentPostprocessing = 0;
		};
		3784FB181A5D2F5F0063A364 /* Resources */ = {
			isa = PBXResourcesBuildPhase;
			buildActionMask = 2147483647;
			files = (
			);
			runOnlyForDeploymentPostprocessing = 0;
		};
/* End PBXResourcesBuildPhase section */

/* Begin PBXSourcesBuildPhase section */
		3784FB011A5D2F5E0063A364 /* Sources */ = {
			isa = PBXSourcesBuildPhase;
			buildActionMask = 2147483647;
			files = (
				37F283C31A655D7200F432CC /* VisualTheme.swift in Sources */,
				37B9E48B1A67BDA20055E81A /* PairingListViewController.swift in Sources */,
				37F283D01A656FEF00F432CC /* UIViewController+Init.m in Sources */,
				37F283B91A655D3400F432CC /* NavigationItem.swift in Sources */,
				37B9E48D1A67D0530055E81A /* PairingListTableViewCell.swift in Sources */,
				37F283B81A655D3400F432CC /* NavigationBar.swift in Sources */,
				37F283B01A655D3400F432CC /* UIView+Allure.swift in Sources */,
				37F283AF1A655D3400F432CC /* UILabel+Utils.swift in Sources */,
				37B9E4861A67BD200055E81A /* TableView.swift in Sources */,
				37B746A31A5D4F2C001373C5 /* WebSocket.swift in Sources */,
				37F283C11A655D7200F432CC /* ViewStylist.swift in Sources */,
				37B9E4901A67F01F0055E81A /* UIImage+Colorize.swift in Sources */,
				37F283D51A6578C500F432CC /* View.swift in Sources */,
				37F283AD1A655D3400F432CC /* UIButton+Utils.swift in Sources */,
				37F283D31A6578AC00F432CC /* ActionBarView.swift in Sources */,
				37B9E4881A67BD3F0055E81A /* TableViewCell.swift in Sources */,
				37F283B71A655D3400F432CC /* Label.swift in Sources */,
				37F283AA1A655D3400F432CC /* NavigationController.swift in Sources */,
				37F283AC1A655D3400F432CC /* Dictionary+Utils.swift in Sources */,
				37F283C21A655D7200F432CC /* VisualFactory.swift in Sources */,
				37F283B51A655D3400F432CC /* BarButtonItem.swift in Sources */,
				37F283B61A655D3400F432CC /* Button.swift in Sources */,
				37B9E47C1A667EE20055E81A /* RoundedButton.swift in Sources */,
				37F283C41A655D7200F432CC /* Localization.swift in Sources */,
				37F283AB1A655D3400F432CC /* ViewController.swift in Sources */,
				3784FB0B1A5D2F5F0063A364 /* AppDelegate.swift in Sources */,
				37F283AE1A655D3400F432CC /* UIColor+Utils.swift in Sources */,
			);
			runOnlyForDeploymentPostprocessing = 0;
		};
		3784FB161A5D2F5F0063A364 /* Sources */ = {
			isa = PBXSourcesBuildPhase;
			buildActionMask = 2147483647;
			files = (
				37B746A51A5D5020001373C5 /* WebSocketTests.swift in Sources */,
				37B746A61A5D504F001373C5 /* WebSocket.swift in Sources */,
			);
			runOnlyForDeploymentPostprocessing = 0;
		};
/* End PBXSourcesBuildPhase section */

/* Begin PBXTargetDependency section */
		3784FB1C1A5D2F5F0063A364 /* PBXTargetDependency */ = {
			isa = PBXTargetDependency;
			target = 3784FB041A5D2F5E0063A364 /* ledger-wallet-ios */;
			targetProxy = 3784FB1B1A5D2F5F0063A364 /* PBXContainerItemProxy */;
		};
/* End PBXTargetDependency section */

/* Begin PBXVariantGroup section */
		37F283601A64064100F432CC /* Main.storyboard */ = {
			isa = PBXVariantGroup;
			children = (
				37F283611A64064100F432CC /* Base */,
			);
			name = Main.storyboard;
			sourceTree = "<group>";
		};
		37F283631A64064A00F432CC /* LaunchScreen.xib */ = {
			isa = PBXVariantGroup;
			children = (
				37F283641A64064A00F432CC /* Base */,
			);
			name = LaunchScreen.xib;
			sourceTree = "<group>";
		};
		37F2836A1A6406A900F432CC /* Localizable.strings */ = {
			isa = PBXVariantGroup;
			children = (
				37F283691A6406A900F432CC /* en */,
			);
			name = Localizable.strings;
			sourceTree = "<group>";
		};
/* End PBXVariantGroup section */

/* Begin XCBuildConfiguration section */
		3784FB221A5D2F5F0063A364 /* Debug */ = {
			isa = XCBuildConfiguration;
			buildSettings = {
				ALWAYS_SEARCH_USER_PATHS = NO;
				CLANG_CXX_LANGUAGE_STANDARD = "gnu++0x";
				CLANG_CXX_LIBRARY = "libc++";
				CLANG_ENABLE_MODULES = YES;
				CLANG_ENABLE_OBJC_ARC = YES;
				CLANG_WARN_BOOL_CONVERSION = YES;
				CLANG_WARN_CONSTANT_CONVERSION = YES;
				CLANG_WARN_DIRECT_OBJC_ISA_USAGE = YES_ERROR;
				CLANG_WARN_EMPTY_BODY = YES;
				CLANG_WARN_ENUM_CONVERSION = YES;
				CLANG_WARN_INT_CONVERSION = YES;
				CLANG_WARN_OBJC_ROOT_CLASS = YES_ERROR;
				CLANG_WARN_UNREACHABLE_CODE = YES;
				CLANG_WARN__DUPLICATE_METHOD_MATCH = YES;
				"CODE_SIGN_IDENTITY[sdk=iphoneos*]" = "iPhone Developer";
				COPY_PHASE_STRIP = NO;
				ENABLE_STRICT_OBJC_MSGSEND = YES;
				GCC_C_LANGUAGE_STANDARD = gnu99;
				GCC_DYNAMIC_NO_PIC = NO;
				GCC_OPTIMIZATION_LEVEL = 0;
				GCC_PREPROCESSOR_DEFINITIONS = (
					"DEBUG=1",
					"$(inherited)",
				);
				GCC_SYMBOLS_PRIVATE_EXTERN = NO;
				GCC_WARN_64_TO_32_BIT_CONVERSION = YES;
				GCC_WARN_ABOUT_RETURN_TYPE = YES_ERROR;
				GCC_WARN_UNDECLARED_SELECTOR = YES;
				GCC_WARN_UNINITIALIZED_AUTOS = YES_AGGRESSIVE;
				GCC_WARN_UNUSED_FUNCTION = YES;
				GCC_WARN_UNUSED_VARIABLE = YES;
				IPHONEOS_DEPLOYMENT_TARGET = 8.1;
				MTL_ENABLE_DEBUG_INFO = YES;
				ONLY_ACTIVE_ARCH = YES;
				SDKROOT = iphoneos;
				SWIFT_OPTIMIZATION_LEVEL = "-Onone";
			};
			name = Debug;
		};
		3784FB231A5D2F5F0063A364 /* Release */ = {
			isa = XCBuildConfiguration;
			buildSettings = {
				ALWAYS_SEARCH_USER_PATHS = NO;
				CLANG_CXX_LANGUAGE_STANDARD = "gnu++0x";
				CLANG_CXX_LIBRARY = "libc++";
				CLANG_ENABLE_MODULES = YES;
				CLANG_ENABLE_OBJC_ARC = YES;
				CLANG_WARN_BOOL_CONVERSION = YES;
				CLANG_WARN_CONSTANT_CONVERSION = YES;
				CLANG_WARN_DIRECT_OBJC_ISA_USAGE = YES_ERROR;
				CLANG_WARN_EMPTY_BODY = YES;
				CLANG_WARN_ENUM_CONVERSION = YES;
				CLANG_WARN_INT_CONVERSION = YES;
				CLANG_WARN_OBJC_ROOT_CLASS = YES_ERROR;
				CLANG_WARN_UNREACHABLE_CODE = YES;
				CLANG_WARN__DUPLICATE_METHOD_MATCH = YES;
				"CODE_SIGN_IDENTITY[sdk=iphoneos*]" = "iPhone Developer";
				COPY_PHASE_STRIP = YES;
				ENABLE_NS_ASSERTIONS = NO;
				ENABLE_STRICT_OBJC_MSGSEND = YES;
				GCC_C_LANGUAGE_STANDARD = gnu99;
				GCC_WARN_64_TO_32_BIT_CONVERSION = YES;
				GCC_WARN_ABOUT_RETURN_TYPE = YES_ERROR;
				GCC_WARN_UNDECLARED_SELECTOR = YES;
				GCC_WARN_UNINITIALIZED_AUTOS = YES_AGGRESSIVE;
				GCC_WARN_UNUSED_FUNCTION = YES;
				GCC_WARN_UNUSED_VARIABLE = YES;
				IPHONEOS_DEPLOYMENT_TARGET = 8.1;
				MTL_ENABLE_DEBUG_INFO = NO;
				SDKROOT = iphoneos;
				VALIDATE_PRODUCT = YES;
			};
			name = Release;
		};
		3784FB251A5D2F5F0063A364 /* Debug */ = {
			isa = XCBuildConfiguration;
			buildSettings = {
				ASSETCATALOG_COMPILER_APPICON_NAME = AppIcon;
				ASSETCATALOG_COMPILER_LAUNCHIMAGE_NAME = LaunchImage;
				CLANG_ENABLE_MODULES = YES;
				CODE_SIGN_IDENTITY = "iPhone Developer";
				"CODE_SIGN_IDENTITY[sdk=iphoneos*]" = "iPhone Developer";
				INFOPLIST_FILE = "ledger-wallet-ios/Info.plist";
				IPHONEOS_DEPLOYMENT_TARGET = 7.0;
				LD_RUNPATH_SEARCH_PATHS = "$(inherited) @executable_path/Frameworks";
				PRODUCT_NAME = "$(TARGET_NAME)";
				PROVISIONING_PROFILE = "";
				SWIFT_OBJC_BRIDGING_HEADER = "ledger-wallet-ios/extensions/ledger-wallet-ios-Bridging-Header.h";
				SWIFT_OPTIMIZATION_LEVEL = "-Onone";
			};
			name = Debug;
		};
		3784FB261A5D2F5F0063A364 /* Release */ = {
			isa = XCBuildConfiguration;
			buildSettings = {
				ASSETCATALOG_COMPILER_APPICON_NAME = AppIcon;
				ASSETCATALOG_COMPILER_LAUNCHIMAGE_NAME = LaunchImage;
				CLANG_ENABLE_MODULES = YES;
				CODE_SIGN_IDENTITY = "iPhone Developer";
				"CODE_SIGN_IDENTITY[sdk=iphoneos*]" = "iPhone Developer";
				INFOPLIST_FILE = "ledger-wallet-ios/Info.plist";
				IPHONEOS_DEPLOYMENT_TARGET = 7.0;
				LD_RUNPATH_SEARCH_PATHS = "$(inherited) @executable_path/Frameworks";
				PRODUCT_NAME = "$(TARGET_NAME)";
				PROVISIONING_PROFILE = "";
				SWIFT_OBJC_BRIDGING_HEADER = "ledger-wallet-ios/extensions/ledger-wallet-ios-Bridging-Header.h";
			};
			name = Release;
		};
		3784FB281A5D2F5F0063A364 /* Debug */ = {
			isa = XCBuildConfiguration;
			buildSettings = {
				BUNDLE_LOADER = "$(TEST_HOST)";
				CLANG_ENABLE_MODULES = YES;
				FRAMEWORK_SEARCH_PATHS = (
					"$(SDKROOT)/Developer/Library/Frameworks",
					"$(inherited)",
				);
				GCC_PREPROCESSOR_DEFINITIONS = (
					"DEBUG=1",
					"$(inherited)",
				);
				INFOPLIST_FILE = "ledger-wallet-iosTests/Info.plist";
				LD_RUNPATH_SEARCH_PATHS = "$(inherited) @executable_path/Frameworks @loader_path/Frameworks";
				PRODUCT_NAME = "$(TARGET_NAME)";
				SWIFT_OPTIMIZATION_LEVEL = "-Onone";
				TEST_HOST = "$(BUILT_PRODUCTS_DIR)/ledger-wallet-ios.app/ledger-wallet-ios";
			};
			name = Debug;
		};
		3784FB291A5D2F5F0063A364 /* Release */ = {
			isa = XCBuildConfiguration;
			buildSettings = {
				BUNDLE_LOADER = "$(TEST_HOST)";
				CLANG_ENABLE_MODULES = YES;
				FRAMEWORK_SEARCH_PATHS = (
					"$(SDKROOT)/Developer/Library/Frameworks",
					"$(inherited)",
				);
				INFOPLIST_FILE = "ledger-wallet-iosTests/Info.plist";
				LD_RUNPATH_SEARCH_PATHS = "$(inherited) @executable_path/Frameworks @loader_path/Frameworks";
				PRODUCT_NAME = "$(TARGET_NAME)";
				TEST_HOST = "$(BUILT_PRODUCTS_DIR)/ledger-wallet-ios.app/ledger-wallet-ios";
			};
			name = Release;
		};
/* End XCBuildConfiguration section */

/* Begin XCConfigurationList section */
		3784FB001A5D2F5E0063A364 /* Build configuration list for PBXProject "ledger-wallet-ios" */ = {
			isa = XCConfigurationList;
			buildConfigurations = (
				3784FB221A5D2F5F0063A364 /* Debug */,
				3784FB231A5D2F5F0063A364 /* Release */,
			);
			defaultConfigurationIsVisible = 0;
			defaultConfigurationName = Release;
		};
		3784FB241A5D2F5F0063A364 /* Build configuration list for PBXNativeTarget "ledger-wallet-ios" */ = {
			isa = XCConfigurationList;
			buildConfigurations = (
				3784FB251A5D2F5F0063A364 /* Debug */,
				3784FB261A5D2F5F0063A364 /* Release */,
			);
			defaultConfigurationIsVisible = 0;
			defaultConfigurationName = Release;
		};
		3784FB271A5D2F5F0063A364 /* Build configuration list for PBXNativeTarget "ledger-wallet-iosTests" */ = {
			isa = XCConfigurationList;
			buildConfigurations = (
				3784FB281A5D2F5F0063A364 /* Debug */,
				3784FB291A5D2F5F0063A364 /* Release */,
			);
			defaultConfigurationIsVisible = 0;
			defaultConfigurationName = Release;
		};
/* End XCConfigurationList section */
	};
	rootObject = 3784FAFD1A5D2F5E0063A364 /* Project object */;
}
