// !$*UTF8*$!
{
	archiveVersion = 1;
	classes = {
	};
	objectVersion = 46;
	objects = {

/* Begin PBXBuildFile section */
		3784FB0B1A5D2F5F0063A364 /* AppDelegate.swift in Sources */ = {isa = PBXBuildFile; fileRef = 3784FB0A1A5D2F5F0063A364 /* AppDelegate.swift */; };
		3784FB0D1A5D2F5F0063A364 /* ViewController.swift in Sources */ = {isa = PBXBuildFile; fileRef = 3784FB0C1A5D2F5F0063A364 /* ViewController.swift */; };
		3784FB101A5D2F5F0063A364 /* Main.storyboard in Resources */ = {isa = PBXBuildFile; fileRef = 3784FB0E1A5D2F5F0063A364 /* Main.storyboard */; };
		3784FB121A5D2F5F0063A364 /* Images.xcassets in Resources */ = {isa = PBXBuildFile; fileRef = 3784FB111A5D2F5F0063A364 /* Images.xcassets */; };
		3784FB151A5D2F5F0063A364 /* LaunchScreen.xib in Resources */ = {isa = PBXBuildFile; fileRef = 3784FB131A5D2F5F0063A364 /* LaunchScreen.xib */; };
		3784FB211A5D2F5F0063A364 /* ledger_wallet_iosTests.swift in Sources */ = {isa = PBXBuildFile; fileRef = 3784FB201A5D2F5F0063A364 /* ledger_wallet_iosTests.swift */; };
/* End PBXBuildFile section */

/* Begin PBXContainerItemProxy section */
		3784FB1B1A5D2F5F0063A364 /* PBXContainerItemProxy */ = {
			isa = PBXContainerItemProxy;
			containerPortal = 3784FAFD1A5D2F5E0063A364 /* Project object */;
			proxyType = 1;
			remoteGlobalIDString = 3784FB041A5D2F5E0063A364;
			remoteInfo = "ledger-wallet-ios";
		};
/* End PBXContainerItemProxy section */

/* Begin PBXFileReference section */
		3784FB051A5D2F5E0063A364 /* ledger-wallet-ios.app */ = {isa = PBXFileReference; explicitFileType = wrapper.application; includeInIndex = 0; path = "ledger-wallet-ios.app"; sourceTree = BUILT_PRODUCTS_DIR; };
		3784FB091A5D2F5F0063A364 /* Info.plist */ = {isa = PBXFileReference; lastKnownFileType = text.plist.xml; path = Info.plist; sourceTree = "<group>"; };
		3784FB0A1A5D2F5F0063A364 /* AppDelegate.swift */ = {isa = PBXFileReference; lastKnownFileType = sourcecode.swift; path = AppDelegate.swift; sourceTree = "<group>"; };
		3784FB0C1A5D2F5F0063A364 /* ViewController.swift */ = {isa = PBXFileReference; lastKnownFileType = sourcecode.swift; path = ViewController.swift; sourceTree = "<group>"; };
		3784FB0F1A5D2F5F0063A364 /* Base */ = {isa = PBXFileReference; lastKnownFileType = file.storyboard; name = Base; path = Base.lproj/Main.storyboard; sourceTree = "<group>"; };
		3784FB111A5D2F5F0063A364 /* Images.xcassets */ = {isa = PBXFileReference; lastKnownFileType = folder.assetcatalog; path = Images.xcassets; sourceTree = "<group>"; };
		3784FB141A5D2F5F0063A364 /* Base */ = {isa = PBXFileReference; lastKnownFileType = file.xib; name = Base; path = Base.lproj/LaunchScreen.xib; sourceTree = "<group>"; };
		3784FB1A1A5D2F5F0063A364 /* ledger-wallet-iosTests.xctest */ = {isa = PBXFileReference; explicitFileType = wrapper.cfbundle; includeInIndex = 0; path = "ledger-wallet-iosTests.xctest"; sourceTree = BUILT_PRODUCTS_DIR; };
		3784FB1F1A5D2F5F0063A364 /* Info.plist */ = {isa = PBXFileReference; lastKnownFileType = text.plist.xml; path = Info.plist; sourceTree = "<group>"; };
		3784FB201A5D2F5F0063A364 /* ledger_wallet_iosTests.swift */ = {isa = PBXFileReference; lastKnownFileType = sourcecode.swift; path = ledger_wallet_iosTests.swift; sourceTree = "<group>"; };
/* End PBXFileReference section */

/* Begin PBXFrameworksBuildPhase section */
		3784FB021A5D2F5E0063A364 /* Frameworks */ = {
			isa = PBXFrameworksBuildPhase;
			buildActionMask = 2147483647;
			files = (
			);
			runOnlyForDeploymentPostprocessing = 0;
		};
		3784FB171A5D2F5F0063A364 /* Frameworks */ = {
			isa = PBXFrameworksBuildPhase;
			buildActionMask = 2147483647;
			files = (
			);
			runOnlyForDeploymentPostprocessing = 0;
		};
/* End PBXFrameworksBuildPhase section */

/* Begin PBXGroup section */
		3784FAFC1A5D2F5E0063A364 = {
			isa = PBXGroup;
			children = (
				3784FB071A5D2F5E0063A364 /* ledger-wallet-ios */,
				3784FB1D1A5D2F5F0063A364 /* ledger-wallet-iosTests */,
				3784FB061A5D2F5E0063A364 /* Products */,
			);
			sourceTree = "<group>";
		};
		3784FB061A5D2F5E0063A364 /* Products */ = {
			isa = PBXGroup;
			children = (
				3784FB051A5D2F5E0063A364 /* ledger-wallet-ios.app */,
				3784FB1A1A5D2F5F0063A364 /* ledger-wallet-iosTests.xctest */,
			);
			name = Products;
			sourceTree = "<group>";
		};
		3784FB071A5D2F5E0063A364 /* ledger-wallet-ios */ = {
			isa = PBXGroup;
			children = (
				3784FB0A1A5D2F5F0063A364 /* AppDelegate.swift */,
				3784FB0C1A5D2F5F0063A364 /* ViewController.swift */,
				3784FB0E1A5D2F5F0063A364 /* Main.storyboard */,
				3784FB111A5D2F5F0063A364 /* Images.xcassets */,
				3784FB131A5D2F5F0063A364 /* LaunchScreen.xib */,
				3784FB081A5D2F5F0063A364 /* Supporting Files */,
			);
			path = "ledger-wallet-ios";
			sourceTree = "<group>";
		};
		3784FB081A5D2F5F0063A364 /* Supporting Files */ = {
			isa = PBXGroup;
			children = (
				3784FB091A5D2F5F0063A364 /* Info.plist */,
			);
			name = "Supporting Files";
			sourceTree = "<group>";
		};
		3784FB1D1A5D2F5F0063A364 /* ledger-wallet-iosTests */ = {
			isa = PBXGroup;
			children = (
				3784FB201A5D2F5F0063A364 /* ledger_wallet_iosTests.swift */,
				3784FB1E1A5D2F5F0063A364 /* Supporting Files */,
			);
			path = "ledger-wallet-iosTests";
			sourceTree = "<group>";
		};
		3784FB1E1A5D2F5F0063A364 /* Supporting Files */ = {
			isa = PBXGroup;
			children = (
				3784FB1F1A5D2F5F0063A364 /* Info.plist */,
			);
			name = "Supporting Files";
			sourceTree = "<group>";
		};
/* End PBXGroup section */

/* Begin PBXNativeTarget section */
		3784FB041A5D2F5E0063A364 /* ledger-wallet-ios */ = {
			isa = PBXNativeTarget;
			buildConfigurationList = 3784FB241A5D2F5F0063A364 /* Build configuration list for PBXNativeTarget "ledger-wallet-ios" */;
			buildPhases = (
				3784FB011A5D2F5E0063A364 /* Sources */,
				3784FB021A5D2F5E0063A364 /* Frameworks */,
				3784FB031A5D2F5E0063A364 /* Resources */,
			);
			buildRules = (
			);
			dependencies = (
			);
			name = "ledger-wallet-ios";
			productName = "ledger-wallet-ios";
			productReference = 3784FB051A5D2F5E0063A364 /* ledger-wallet-ios.app */;
			productType = "com.apple.product-type.application";
		};
		3784FB191A5D2F5F0063A364 /* ledger-wallet-iosTests */ = {
			isa = PBXNativeTarget;
			buildConfigurationList = 3784FB271A5D2F5F0063A364 /* Build configuration list for PBXNativeTarget "ledger-wallet-iosTests" */;
			buildPhases = (
				3784FB161A5D2F5F0063A364 /* Sources */,
				3784FB171A5D2F5F0063A364 /* Frameworks */,
				3784FB181A5D2F5F0063A364 /* Resources */,
			);
			buildRules = (
			);
			dependencies = (
				3784FB1C1A5D2F5F0063A364 /* PBXTargetDependency */,
			);
			name = "ledger-wallet-iosTests";
			productName = "ledger-wallet-iosTests";
			productReference = 3784FB1A1A5D2F5F0063A364 /* ledger-wallet-iosTests.xctest */;
			productType = "com.apple.product-type.bundle.unit-test";
		};
/* End PBXNativeTarget section */

/* Begin PBXProject section */
		3784FAFD1A5D2F5E0063A364 /* Project object */ = {
			isa = PBXProject;
			attributes = {
				LastUpgradeCheck = 0610;
				ORGANIZATIONNAME = Ledger;
				TargetAttributes = {
					3784FB041A5D2F5E0063A364 = {
						CreatedOnToolsVersion = 6.1.1;
						DevelopmentTeam = X6LFS5BQKN;
					};
					3784FB191A5D2F5F0063A364 = {
						CreatedOnToolsVersion = 6.1.1;
						TestTargetID = 3784FB041A5D2F5E0063A364;
					};
				};
			};
			buildConfigurationList = 3784FB001A5D2F5E0063A364 /* Build configuration list for PBXProject "ledger-wallet-ios" */;
			compatibilityVersion = "Xcode 3.2";
			developmentRegion = English;
			hasScannedForEncodings = 0;
			knownRegions = (
				en,
				Base,
			);
			mainGroup = 3784FAFC1A5D2F5E0063A364;
			productRefGroup = 3784FB061A5D2F5E0063A364 /* Products */;
			projectDirPath = "";
			projectRoot = "";
			targets = (
				3784FB041A5D2F5E0063A364 /* ledger-wallet-ios */,
				3784FB191A5D2F5F0063A364 /* ledger-wallet-iosTests */,
			);
		};
/* End PBXProject section */

/* Begin PBXResourcesBuildPhase section */
		3784FB031A5D2F5E0063A364 /* Resources */ = {
			isa = PBXResourcesBuildPhase;
			buildActionMask = 2147483647;
			files = (
				3784FB101A5D2F5F0063A364 /* Main.storyboard in Resources */,
				3784FB151A5D2F5F0063A364 /* LaunchScreen.xib in Resources */,
				3784FB121A5D2F5F0063A364 /* Images.xcassets in Resources */,
			);
			runOnlyForDeploymentPostprocessing = 0;
		};
		3784FB181A5D2F5F0063A364 /* Resources */ = {
			isa = PBXResourcesBuildPhase;
			buildActionMask = 2147483647;
			files = (
			);
			runOnlyForDeploymentPostprocessing = 0;
		};
/* End PBXResourcesBuildPhase section */

/* Begin PBXSourcesBuildPhase section */
		3784FB011A5D2F5E0063A364 /* Sources */ = {
			isa = PBXSourcesBuildPhase;
			buildActionMask = 2147483647;
			files = (
				3784FB0D1A5D2F5F0063A364 /* ViewController.swift in Sources */,
				3784FB0B1A5D2F5F0063A364 /* AppDelegate.swift in Sources */,
			);
			runOnlyForDeploymentPostprocessing = 0;
		};
		3784FB161A5D2F5F0063A364 /* Sources */ = {
			isa = PBXSourcesBuildPhase;
			buildActionMask = 2147483647;
			files = (
				3784FB211A5D2F5F0063A364 /* ledger_wallet_iosTests.swift in Sources */,
			);
			runOnlyForDeploymentPostprocessing = 0;
		};
/* End PBXSourcesBuildPhase section */

/* Begin PBXTargetDependency section */
		3784FB1C1A5D2F5F0063A364 /* PBXTargetDependency */ = {
			isa = PBXTargetDependency;
			target = 3784FB041A5D2F5E0063A364 /* ledger-wallet-ios */;
			targetProxy = 3784FB1B1A5D2F5F0063A364 /* PBXContainerItemProxy */;
		};
/* End PBXTargetDependency section */

/* Begin PBXVariantGroup section */
		3784FB0E1A5D2F5F0063A364 /* Main.storyboard */ = {
			isa = PBXVariantGroup;
			children = (
				3784FB0F1A5D2F5F0063A364 /* Base */,
			);
			name = Main.storyboard;
			sourceTree = "<group>";
		};
		3784FB131A5D2F5F0063A364 /* LaunchScreen.xib */ = {
			isa = PBXVariantGroup;
			children = (
				3784FB141A5D2F5F0063A364 /* Base */,
			);
			name = LaunchScreen.xib;
			sourceTree = "<group>";
		};
/* End PBXVariantGroup section */

/* Begin XCBuildConfiguration section */
		3784FB221A5D2F5F0063A364 /* Debug */ = {
			isa = XCBuildConfiguration;
			buildSettings = {
				ALWAYS_SEARCH_USER_PATHS = NO;
				CLANG_CXX_LANGUAGE_STANDARD = "gnu++0x";
				CLANG_CXX_LIBRARY = "libc++";
				CLANG_ENABLE_MODULES = YES;
				CLANG_ENABLE_OBJC_ARC = YES;
				CLANG_WARN_BOOL_CONVERSION = YES;
				CLANG_WARN_CONSTANT_CONVERSION = YES;
				CLANG_WARN_DIRECT_OBJC_ISA_USAGE = YES_ERROR;
				CLANG_WARN_EMPTY_BODY = YES;
				CLANG_WARN_ENUM_CONVERSION = YES;
				CLANG_WARN_INT_CONVERSION = YES;
				CLANG_WARN_OBJC_ROOT_CLASS = YES_ERROR;
				CLANG_WARN_UNREACHABLE_CODE = YES;
				CLANG_WARN__DUPLICATE_METHOD_MATCH = YES;
				"CODE_SIGN_IDENTITY[sdk=iphoneos*]" = "iPhone Developer";
				COPY_PHASE_STRIP = NO;
				ENABLE_STRICT_OBJC_MSGSEND = YES;
				GCC_C_LANGUAGE_STANDARD = gnu99;
				GCC_DYNAMIC_NO_PIC = NO;
				GCC_OPTIMIZATION_LEVEL = 0;
				GCC_PREPROCESSOR_DEFINITIONS = (
					"DEBUG=1",
					"$(inherited)",
				);
				GCC_SYMBOLS_PRIVATE_EXTERN = NO;
				GCC_WARN_64_TO_32_BIT_CONVERSION = YES;
				GCC_WARN_ABOUT_RETURN_TYPE = YES_ERROR;
				GCC_WARN_UNDECLARED_SELECTOR = YES;
				GCC_WARN_UNINITIALIZED_AUTOS = YES_AGGRESSIVE;
				GCC_WARN_UNUSED_FUNCTION = YES;
				GCC_WARN_UNUSED_VARIABLE = YES;
				IPHONEOS_DEPLOYMENT_TARGET = 8.1;
				MTL_ENABLE_DEBUG_INFO = YES;
				ONLY_ACTIVE_ARCH = YES;
				SDKROOT = iphoneos;
				SWIFT_OPTIMIZATION_LEVEL = "-Onone";
			};
			name = Debug;
		};
		3784FB231A5D2F5F0063A364 /* Release */ = {
			isa = XCBuildConfiguration;
			buildSettings = {
				ALWAYS_SEARCH_USER_PATHS = NO;
				CLANG_CXX_LANGUAGE_STANDARD = "gnu++0x";
				CLANG_CXX_LIBRARY = "libc++";
				CLANG_ENABLE_MODULES = YES;
				CLANG_ENABLE_OBJC_ARC = YES;
				CLANG_WARN_BOOL_CONVERSION = YES;
				CLANG_WARN_CONSTANT_CONVERSION = YES;
				CLANG_WARN_DIRECT_OBJC_ISA_USAGE = YES_ERROR;
				CLANG_WARN_EMPTY_BODY = YES;
				CLANG_WARN_ENUM_CONVERSION = YES;
				CLANG_WARN_INT_CONVERSION = YES;
				CLANG_WARN_OBJC_ROOT_CLASS = YES_ERROR;
				CLANG_WARN_UNREACHABLE_CODE = YES;
				CLANG_WARN__DUPLICATE_METHOD_MATCH = YES;
				"CODE_SIGN_IDENTITY[sdk=iphoneos*]" = "iPhone Developer";
				COPY_PHASE_STRIP = YES;
				ENABLE_NS_ASSERTIONS = NO;
				ENABLE_STRICT_OBJC_MSGSEND = YES;
				GCC_C_LANGUAGE_STANDARD = gnu99;
				GCC_WARN_64_TO_32_BIT_CONVERSION = YES;
				GCC_WARN_ABOUT_RETURN_TYPE = YES_ERROR;
				GCC_WARN_UNDECLARED_SELECTOR = YES;
				GCC_WARN_UNINITIALIZED_AUTOS = YES_AGGRESSIVE;
				GCC_WARN_UNUSED_FUNCTION = YES;
				GCC_WARN_UNUSED_VARIABLE = YES;
				IPHONEOS_DEPLOYMENT_TARGET = 8.1;
				MTL_ENABLE_DEBUG_INFO = NO;
				SDKROOT = iphoneos;
				VALIDATE_PRODUCT = YES;
			};
			name = Release;
		};
		3784FB251A5D2F5F0063A364 /* Debug */ = {
			isa = XCBuildConfiguration;
			buildSettings = {
				ASSETCATALOG_COMPILER_APPICON_NAME = AppIcon;
				CODE_SIGN_IDENTITY = "iPhone Developer";
				INFOPLIST_FILE = "ledger-wallet-ios/Info.plist";
				IPHONEOS_DEPLOYMENT_TARGET = 7.0;
				LD_RUNPATH_SEARCH_PATHS = "$(inherited) @executable_path/Frameworks";
				PRODUCT_NAME = "$(TARGET_NAME)";
			};
			name = Debug;
		};
		3784FB261A5D2F5F0063A364 /* Release */ = {
			isa = XCBuildConfiguration;
			buildSettings = {
				ASSETCATALOG_COMPILER_APPICON_NAME = AppIcon;
				CODE_SIGN_IDENTITY = "iPhone Developer";
				INFOPLIST_FILE = "ledger-wallet-ios/Info.plist";
				IPHONEOS_DEPLOYMENT_TARGET = 7.0;
				LD_RUNPATH_SEARCH_PATHS = "$(inherited) @executable_path/Frameworks";
				PRODUCT_NAME = "$(TARGET_NAME)";
			};
			name = Release;
		};
		3784FB281A5D2F5F0063A364 /* Debug */ = {
			isa = XCBuildConfiguration;
			buildSettings = {
				BUNDLE_LOADER = "$(TEST_HOST)";
				FRAMEWORK_SEARCH_PATHS = (
					"$(SDKROOT)/Developer/Library/Frameworks",
					"$(inherited)",
				);
				GCC_PREPROCESSOR_DEFINITIONS = (
					"DEBUG=1",
					"$(inherited)",
				);
				INFOPLIST_FILE = "ledger-wallet-iosTests/Info.plist";
				LD_RUNPATH_SEARCH_PATHS = "$(inherited) @executable_path/Frameworks @loader_path/Frameworks";
				PRODUCT_NAME = "$(TARGET_NAME)";
				TEST_HOST = "$(BUILT_PRODUCTS_DIR)/ledger-wallet-ios.app/ledger-wallet-ios";
			};
			name = Debug;
		};
		3784FB291A5D2F5F0063A364 /* Release */ = {
			isa = XCBuildConfiguration;
			buildSettings = {
				BUNDLE_LOADER = "$(TEST_HOST)";
				FRAMEWORK_SEARCH_PATHS = (
					"$(SDKROOT)/Developer/Library/Frameworks",
					"$(inherited)",
				);
				INFOPLIST_FILE = "ledger-wallet-iosTests/Info.plist";
				LD_RUNPATH_SEARCH_PATHS = "$(inherited) @executable_path/Frameworks @loader_path/Frameworks";
				PRODUCT_NAME = "$(TARGET_NAME)";
				TEST_HOST = "$(BUILT_PRODUCTS_DIR)/ledger-wallet-ios.app/ledger-wallet-ios";
			};
			name = Release;
		};
/* End XCBuildConfiguration section */

/* Begin XCConfigurationList section */
		3784FB001A5D2F5E0063A364 /* Build configuration list for PBXProject "ledger-wallet-ios" */ = {
			isa = XCConfigurationList;
			buildConfigurations = (
				3784FB221A5D2F5F0063A364 /* Debug */,
				3784FB231A5D2F5F0063A364 /* Release */,
			);
			defaultConfigurationIsVisible = 0;
			defaultConfigurationName = Release;
		};
		3784FB241A5D2F5F0063A364 /* Build configuration list for PBXNativeTarget "ledger-wallet-ios" */ = {
			isa = XCConfigurationList;
			buildConfigurations = (
				3784FB251A5D2F5F0063A364 /* Debug */,
				3784FB261A5D2F5F0063A364 /* Release */,
			);
			defaultConfigurationIsVisible = 0;
		};
		3784FB271A5D2F5F0063A364 /* Build configuration list for PBXNativeTarget "ledger-wallet-iosTests" */ = {
			isa = XCConfigurationList;
			buildConfigurations = (
				3784FB281A5D2F5F0063A364 /* Debug */,
				3784FB291A5D2F5F0063A364 /* Release */,
			);
			defaultConfigurationIsVisible = 0;
		};
/* End XCConfigurationList section */
	};
	rootObject = 3784FAFD1A5D2F5E0063A364 /* Project object */;
}
